
Microsoft Visual Studio Solution File, Format Version 12.00
# Visual Studio Version 17
VisualStudioVersion = 17.6.33723.286
MinimumVisualStudioVersion = 10.0.40219.1
Project("{9A19103F-16F7-4668-BE54-9A1E7A4F7556}") = "ClientConnection", "ClientConnection.csproj", "{6C747558-EA1B-4710-B133-10CC31997EFF}"
EndProject
Global
	GlobalSection(SolutionConfigurationPlatforms) = preSolution
		Debug|Any CPU = Debug|Any CPU
		Release|Any CPU = Release|Any CPU
	EndGlobalSection
	GlobalSection(ProjectConfigurationPlatforms) = postSolution
		{6C747558-EA1B-4710-B133-10CC31997EFF}.Debug|Any CPU.ActiveCfg = Debug|Any CPU
		{6C747558-EA1B-4710-B133-10CC31997EFF}.Debug|Any CPU.Build.0 = Debug|Any CPU
		{6C747558-EA1B-4710-B133-10CC31997EFF}.Release|Any CPU.ActiveCfg = Release|Any CPU
		{6C747558-EA1B-4710-B133-10CC31997EFF}.Release|Any CPU.Build.0 = Release|Any CPU
	EndGlobalSection
	GlobalSection(SolutionProperties) = preSolution
		HideSolutionNode = FALSE
	EndGlobalSection
	GlobalSection(ExtensibilityGlobals) = postSolution
		SolutionGuid = {A5D37281-A9F9-4A39-BC9E-716CAB766E5D}
	EndGlobalSection
EndGlobal
